{
  "nodes": {
    "drpc": {
      "inputs": {
        "flake-utils": "flake-utils",
        "nixpkgs": "nixpkgs"
      },
      "locked": {
        "lastModified": 1710270657,
        "narHash": "sha256-hjb+8iB0HTdAYtsOvr6gY2yhwdg2NLUqQRVJi4qMmJI=",
        "owner": "storj",
        "repo": "drpc",
        "rev": "a5d487af8ae33deb7913b0f7c06b2c7ec7cd4dcc",
        "type": "github"
      },
      "original": {
        "owner": "storj",
        "ref": "v0.0.34",
        "repo": "drpc",
        "type": "github"
      }
    },
    "flake-utils": {
      "inputs": {
        "systems": "systems"
      },
      "locked": {
        "lastModified": 1710146030,
        "narHash": "sha256-SZ5L6eA7HJ/nmkzGG7/ISclqe6oZdOZTNoesiInkXPQ=",
        "rev": "b1d9ab70662946ef0850d488da1c9019f3a9752a",
        "revCount": 92,
        "type": "tarball",
        "url": "https://api.flakehub.com/f/pinned/numtide/flake-utils/0.1.92%2Brev-b1d9ab70662946ef0850d488da1c9019f3a9752a/018e2ca5-e5a2-7f80-9261-445a8cecd4d7/source.tar.gz"
      },
      "original": {
        "type": "tarball",
        "url": "https://flakehub.com/f/numtide/flake-utils/%2A.tar.gz"
      }
    },
    "flake-utils_2": {
      "inputs": {
        "systems": "systems_2"
      },
      "locked": {
        "lastModified": 1731533236,
        "narHash": "sha256-l0KFg5HjrsfsO/JpG+r7fRrqm12kzFHyUHqHCVpMMbI=",
        "owner": "numtide",
        "repo": "flake-utils",
        "rev": "11707dc2f618dd54ca8739b309ec4fc024de578b",
        "type": "github"
      },
      "original": {
        "owner": "numtide",
        "repo": "flake-utils",
        "type": "github"
      }
    },
    "nixpkgs": {
      "locked": {
        "lastModified": 1710162809,
        "narHash": "sha256-i2R2bcnQp+85de67yjgZVvJhd6rRnJbSYNpGmB6Leb8=",
        "rev": "ddcd7598b2184008c97e6c9c6a21c5f37590b8d2",
        "revCount": 556648,
        "type": "tarball",
        "url": "https://api.flakehub.com/f/pinned/NixOS/nixpkgs/0.2311.556648%2Brev-ddcd7598b2184008c97e6c9c6a21c5f37590b8d2/018e3162-e13b-7219-a0b5-da03bcc09ecc/source.tar.gz"
      },
      "original": {
        "type": "tarball",
        "url": "https://flakehub.com/f/NixOS/nixpkgs/%2A.tar.gz"
      }
    },
    "nixpkgs_2": {
      "locked": {
        "lastModified": 1741462378,
        "narHash": "sha256-ZF3YOjq+vTcH51S+qWa1oGA9FgmdJ67nTNPG2OIlXDc=",
        "owner": "NixOS",
        "repo": "nixpkgs",
        "rev": "2d9e4457f8e83120c9fdf6f1707ed0bc603e5ac9",
        "type": "github"
      },
      "original": {
        "owner": "NixOS",
        "ref": "nixpkgs-unstable",
        "repo": "nixpkgs",
        "type": "github"
      }
    },
    "root": {
      "inputs": {
        "drpc": "drpc",
        "flake-utils": "flake-utils_2",
        "nixpkgs": "nixpkgs_2"
      }
    },
    "systems": {
      "locked": {
        "lastModified": 1681028828,
        "narHash": "sha256-Vy1rq5AaRuLzOxct8nz4T6wlgyUR7zLU309k9mBC768=",
        "owner": "nix-systems",
        "repo": "default",
        "rev": "da67096a3b9bf56a91d16901293e51ba5b49a27e",
        "type": "github"
      },
      "original": {
        "owner": "nix-systems",
        "repo": "default",
        "type": "github"
      }
    },
    "systems_2": {
      "locked": {
        "lastModified": 1681028828,
        "narHash": "sha256-Vy1rq5AaRuLzOxct8nz4T6wlgyUR7zLU309k9mBC768=",
        "owner": "nix-systems",
        "repo": "default",
        "rev": "da67096a3b9bf56a91d16901293e51ba5b49a27e",
        "type": "github"
      },
      "original": {
        "owner": "nix-systems",
        "repo": "default",
        "type": "github"
      }
    }
  },
  "root": "root",
  "version": 7
}
